// !$*UTF8*$!
{
	archiveVersion = 1;
	classes = {
	};
	objectVersion = 50;
	objects = {

/* Begin PBXBuildFile section */
		3FFC37B721585AE1006D3F35 /* AppDelegate.swift in Sources */ = {isa = PBXBuildFile; fileRef = 3FFC37B621585AE1006D3F35 /* AppDelegate.swift */; };
		3FFC37B921585AE1006D3F35 /* ViewController.swift in Sources */ = {isa = PBXBuildFile; fileRef = 3FFC37B821585AE1006D3F35 /* ViewController.swift */; };
		3FFC37BC21585AE1006D3F35 /* Main.storyboard in Resources */ = {isa = PBXBuildFile; fileRef = 3FFC37BA21585AE1006D3F35 /* Main.storyboard */; };
		3FFC37BE21585AEC006D3F35 /* Assets.xcassets in Resources */ = {isa = PBXBuildFile; fileRef = 3FFC37BD21585AEC006D3F35 /* Assets.xcassets */; };
		3FFC37C121585AEC006D3F35 /* LaunchScreen.storyboard in Resources */ = {isa = PBXBuildFile; fileRef = 3FFC37BF21585AEC006D3F35 /* LaunchScreen.storyboard */; };
		3FFC37CC21585AEC006D3F35 /* ParseChatTests.swift in Sources */ = {isa = PBXBuildFile; fileRef = 3FFC37CB21585AEC006D3F35 /* ParseChatTests.swift */; };
		3FFC37D721585AEC006D3F35 /* ParseChatUITests.swift in Sources */ = {isa = PBXBuildFile; fileRef = 3FFC37D621585AEC006D3F35 /* ParseChatUITests.swift */; };
/* End PBXBuildFile section */

/* Begin PBXContainerItemProxy section */
		3FFC37C821585AEC006D3F35 /* PBXContainerItemProxy */ = {
			isa = PBXContainerItemProxy;
			containerPortal = 3FFC37AB21585AE1006D3F35 /* Project object */;
			proxyType = 1;
			remoteGlobalIDString = 3FFC37B221585AE1006D3F35;
			remoteInfo = ParseChat;
		};
		3FFC37D321585AEC006D3F35 /* PBXContainerItemProxy */ = {
			isa = PBXContainerItemProxy;
			containerPortal = 3FFC37AB21585AE1006D3F35 /* Project object */;
			proxyType = 1;
			remoteGlobalIDString = 3FFC37B221585AE1006D3F35;
			remoteInfo = ParseChat;
		};
/* End PBXContainerItemProxy section */

/* Begin PBXFileReference section */
		3FFC37B321585AE1006D3F35 /* ParseChat.app */ = {isa = PBXFileReference; explicitFileType = wrapper.application; includeInIndex = 0; path = ParseChat.app; sourceTree = BUILT_PRODUCTS_DIR; };
		3FFC37B621585AE1006D3F35 /* AppDelegate.swift */ = {isa = PBXFileReference; lastKnownFileType = sourcecode.swift; path = AppDelegate.swift; sourceTree = "<group>"; };
		3FFC37B821585AE1006D3F35 /* ViewController.swift */ = {isa = PBXFileReference; lastKnownFileType = sourcecode.swift; path = ViewController.swift; sourceTree = "<group>"; };
		3FFC37BB21585AE1006D3F35 /* Base */ = {isa = PBXFileReference; lastKnownFileType = file.storyboard; name = Base; path = Base.lproj/Main.storyboard; sourceTree = "<group>"; };
		3FFC37BD21585AEC006D3F35 /* Assets.xcassets */ = {isa = PBXFileReference; lastKnownFileType = folder.assetcatalog; path = Assets.xcassets; sourceTree = "<group>"; };
		3FFC37C021585AEC006D3F35 /* Base */ = {isa = PBXFileReference; lastKnownFileType = file.storyboard; name = Base; path = Base.lproj/LaunchScreen.storyboard; sourceTree = "<group>"; };
		3FFC37C221585AEC006D3F35 /* Info.plist */ = {isa = PBXFileReference; lastKnownFileType = text.plist.xml; path = Info.plist; sourceTree = "<group>"; };
		3FFC37C721585AEC006D3F35 /* ParseChatTests.xctest */ = {isa = PBXFileReference; explicitFileType = wrapper.cfbundle; includeInIndex = 0; path = ParseChatTests.xctest; sourceTree = BUILT_PRODUCTS_DIR; };
		3FFC37CB21585AEC006D3F35 /* ParseChatTests.swift */ = {isa = PBXFileReference; lastKnownFileType = sourcecode.swift; path = ParseChatTests.swift; sourceTree = "<group>"; };
		3FFC37CD21585AEC006D3F35 /* Info.plist */ = {isa = PBXFileReference; lastKnownFileType = text.plist.xml; path = Info.plist; sourceTree = "<group>"; };
		3FFC37D221585AEC006D3F35 /* ParseChatUITests.xctest */ = {isa = PBXFileReference; explicitFileType = wrapper.cfbundle; includeInIndex = 0; path = ParseChatUITests.xctest; sourceTree = BUILT_PRODUCTS_DIR; };
		3FFC37D621585AEC006D3F35 /* ParseChatUITests.swift */ = {isa = PBXFileReference; lastKnownFileType = sourcecode.swift; path = ParseChatUITests.swift; sourceTree = "<group>"; };
		3FFC37D821585AEC006D3F35 /* Info.plist */ = {isa = PBXFileReference; lastKnownFileType = text.plist.xml; path = Info.plist; sourceTree = "<group>"; };
/* End PBXFileReference section */

/* Begin PBXFrameworksBuildPhase section */
		3FFC37B021585AE1006D3F35 /* Frameworks */ = {
			isa = PBXFrameworksBuildPhase;
			buildActionMask = 2147483647;
			files = (
			);
			runOnlyForDeploymentPostprocessing = 0;
		};
		3FFC37C421585AEC006D3F35 /* Frameworks */ = {
			isa = PBXFrameworksBuildPhase;
			buildActionMask = 2147483647;
			files = (
			);
			runOnlyForDeploymentPostprocessing = 0;
		};
		3FFC37CF21585AEC006D3F35 /* Frameworks */ = {
			isa = PBXFrameworksBuildPhase;
			buildActionMask = 2147483647;
			files = (
			);
			runOnlyForDeploymentPostprocessing = 0;
		};
/* End PBXFrameworksBuildPhase section */

/* Begin PBXGroup section */
		3FFC37AA21585AE1006D3F35 = {
			isa = PBXGroup;
			children = (
				3FFC37B521585AE1006D3F35 /* ParseChat */,
				3FFC37CA21585AEC006D3F35 /* ParseChatTests */,
				3FFC37D521585AEC006D3F35 /* ParseChatUITests */,
				3FFC37B421585AE1006D3F35 /* Products */,
			);
			sourceTree = "<group>";
		};
		3FFC37B421585AE1006D3F35 /* Products */ = {
			isa = PBXGroup;
			children = (
				3FFC37B321585AE1006D3F35 /* ParseChat.app */,
				3FFC37C721585AEC006D3F35 /* ParseChatTests.xctest */,
				3FFC37D221585AEC006D3F35 /* ParseChatUITests.xctest */,
			);
			name = Products;
			sourceTree = "<group>";
		};
		3FFC37B521585AE1006D3F35 /* ParseChat */ = {
			isa = PBXGroup;
			children = (
				3FFC37B621585AE1006D3F35 /* AppDelegate.swift */,
				3FFC37B821585AE1006D3F35 /* ViewController.swift */,
				3FFC37BA21585AE1006D3F35 /* Main.storyboard */,
				3FFC37BD21585AEC006D3F35 /* Assets.xcassets */,
				3FFC37BF21585AEC006D3F35 /* LaunchScreen.storyboard */,
				3FFC37C221585AEC006D3F35 /* Info.plist */,
			);
			path = ParseChat;
			sourceTree = "<group>";
		};
		3FFC37CA21585AEC006D3F35 /* ParseChatTests */ = {
			isa = PBXGroup;
			children = (
				3FFC37CB21585AEC006D3F35 /* ParseChatTests.swift */,
				3FFC37CD21585AEC006D3F35 /* Info.plist */,
			);
			path = ParseChatTests;
			sourceTree = "<group>";
		};
		3FFC37D521585AEC006D3F35 /* ParseChatUITests */ = {
			isa = PBXGroup;
			children = (
				3FFC37D621585AEC006D3F35 /* ParseChatUITests.swift */,
				3FFC37D821585AEC006D3F35 /* Info.plist */,
			);
			path = ParseChatUITests;
			sourceTree = "<group>";
		};
/* End PBXGroup section */

/* Begin PBXNativeTarget section */
		3FFC37B221585AE1006D3F35 /* ParseChat */ = {
			isa = PBXNativeTarget;
			buildConfigurationList = 3FFC37DB21585AEC006D3F35 /* Build configuration list for PBXNativeTarget "ParseChat" */;
			buildPhases = (
				3FFC37AF21585AE1006D3F35 /* Sources */,
				3FFC37B021585AE1006D3F35 /* Frameworks */,
				3FFC37B121585AE1006D3F35 /* Resources */,
			);
			buildRules = (
			);
			dependencies = (
			);
			name = ParseChat;
			productName = ParseChat;
			productReference = 3FFC37B321585AE1006D3F35 /* ParseChat.app */;
			productType = "com.apple.product-type.application";
		};
		3FFC37C621585AEC006D3F35 /* ParseChatTests */ = {
			isa = PBXNativeTarget;
			buildConfigurationList = 3FFC37DE21585AEC006D3F35 /* Build configuration list for PBXNativeTarget "ParseChatTests" */;
			buildPhases = (
				3FFC37C321585AEC006D3F35 /* Sources */,
				3FFC37C421585AEC006D3F35 /* Frameworks */,
				3FFC37C521585AEC006D3F35 /* Resources */,
			);
			buildRules = (
			);
			dependencies = (
				3FFC37C921585AEC006D3F35 /* PBXTargetDependency */,
			);
			name = ParseChatTests;
			productName = ParseChatTests;
			productReference = 3FFC37C721585AEC006D3F35 /* ParseChatTests.xctest */;
			productType = "com.apple.product-type.bundle.unit-test";
		};
		3FFC37D121585AEC006D3F35 /* ParseChatUITests */ = {
			isa = PBXNativeTarget;
			buildConfigurationList = 3FFC37E121585AEC006D3F35 /* Build configuration list for PBXNativeTarget "ParseChatUITests" */;
			buildPhases = (
				3FFC37CE21585AEC006D3F35 /* Sources */,
				3FFC37CF21585AEC006D3F35 /* Frameworks */,
				3FFC37D021585AEC006D3F35 /* Resources */,
			);
			buildRules = (
			);
			dependencies = (
				3FFC37D421585AEC006D3F35 /* PBXTargetDependency */,
			);
			name = ParseChatUITests;
			productName = ParseChatUITests;
			productReference = 3FFC37D221585AEC006D3F35 /* ParseChatUITests.xctest */;
			productType = "com.apple.product-type.bundle.ui-testing";
		};
/* End PBXNativeTarget section */

/* Begin PBXProject section */
		3FFC37AB21585AE1006D3F35 /* Project object */ = {
			isa = PBXProject;
			attributes = {
				LastSwiftUpdateCheck = 0940;
				LastUpgradeCheck = 0940;
				ORGANIZATIONNAME = hu;
				TargetAttributes = {
					3FFC37B221585AE1006D3F35 = {
						CreatedOnToolsVersion = 9.4.1;
					};
					3FFC37C621585AEC006D3F35 = {
						CreatedOnToolsVersion = 9.4.1;
						TestTargetID = 3FFC37B221585AE1006D3F35;
					};
					3FFC37D121585AEC006D3F35 = {
						CreatedOnToolsVersion = 9.4.1;
						TestTargetID = 3FFC37B221585AE1006D3F35;
					};
				};
			};
			buildConfigurationList = 3FFC37AE21585AE1006D3F35 /* Build configuration list for PBXProject "ParseChat" */;
			compatibilityVersion = "Xcode 9.3";
			developmentRegion = en;
			hasScannedForEncodings = 0;
			knownRegions = (
				en,
				Base,
			);
			mainGroup = 3FFC37AA21585AE1006D3F35;
			productRefGroup = 3FFC37B421585AE1006D3F35 /* Products */;
			projectDirPath = "";
			projectRoot = "";
			targets = (
				3FFC37B221585AE1006D3F35 /* ParseChat */,
				3FFC37C621585AEC006D3F35 /* ParseChatTests */,
				3FFC37D121585AEC006D3F35 /* ParseChatUITests */,
			);
		};
/* End PBXProject section */

/* Begin PBXResourcesBuildPhase section */
		3FFC37B121585AE1006D3F35 /* Resources */ = {
			isa = PBXResourcesBuildPhase;
			buildActionMask = 2147483647;
			files = (
				3FFC37C121585AEC006D3F35 /* LaunchScreen.storyboard in Resources */,
				3FFC37BE21585AEC006D3F35 /* Assets.xcassets in Resources */,
				3FFC37BC21585AE1006D3F35 /* Main.storyboard in Resources */,
			);
			runOnlyForDeploymentPostprocessing = 0;
		};
		3FFC37C521585AEC006D3F35 /* Resources */ = {
			isa = PBXResourcesBuildPhase;
			buildActionMask = 2147483647;
			files = (
			);
			runOnlyForDeploymentPostprocessing = 0;
		};
		3FFC37D021585AEC006D3F35 /* Resources */ = {
			isa = PBXResourcesBuildPhase;
			buildActionMask = 2147483647;
			files = (
			);
			runOnlyForDeploymentPostprocessing = 0;
		};
/* End PBXResourcesBuildPhase section */

/* Begin PBXSourcesBuildPhase section */
		3FFC37AF21585AE1006D3F35 /* Sources */ = {
			isa = PBXSourcesBuildPhase;
			buildActionMask = 2147483647;
			files = (
				3FFC37B921585AE1006D3F35 /* ViewController.swift in Sources */,
				3FFC37B721585AE1006D3F35 /* AppDelegate.swift in Sources */,
			);
			runOnlyForDeploymentPostprocessing = 0;
		};
		3FFC37C321585AEC006D3F35 /* Sources */ = {
			isa = PBXSourcesBuildPhase;
			buildActionMask = 2147483647;
			files = (
				3FFC37CC21585AEC006D3F35 /* ParseChatTests.swift in Sources */,
			);
			runOnlyForDeploymentPostprocessing = 0;
		};
		3FFC37CE21585AEC006D3F35 /* Sources */ = {
			isa = PBXSourcesBuildPhase;
			buildActionMask = 2147483647;
			files = (
				3FFC37D721585AEC006D3F35 /* ParseChatUITests.swift in Sources */,
			);
			runOnlyForDeploymentPostprocessing = 0;
		};
/* End PBXSourcesBuildPhase section */

/* Begin PBXTargetDependency section */
		3FFC37C921585AEC006D3F35 /* PBXTargetDependency */ = {
			isa = PBXTargetDependency;
			target = 3FFC37B221585AE1006D3F35 /* ParseChat */;
			targetProxy = 3FFC37C821585AEC006D3F35 /* PBXContainerItemProxy */;
		};
		3FFC37D421585AEC006D3F35 /* PBXTargetDependency */ = {
			isa = PBXTargetDependency;
			target = 3FFC37B221585AE1006D3F35 /* ParseChat */;
			targetProxy = 3FFC37D321585AEC006D3F35 /* PBXContainerItemProxy */;
		};
/* End PBXTargetDependency section */

/* Begin PBXVariantGroup section */
		3FFC37BA21585AE1006D3F35 /* Main.storyboard */ = {
			isa = PBXVariantGroup;
			children = (
				3FFC37BB21585AE1006D3F35 /* Base */,
			);
			name = Main.storyboard;
			sourceTree = "<group>";
		};
		3FFC37BF21585AEC006D3F35 /* LaunchScreen.storyboard */ = {
			isa = PBXVariantGroup;
			children = (
				3FFC37C021585AEC006D3F35 /* Base */,
			);
			name = LaunchScreen.storyboard;
			sourceTree = "<group>";
		};
/* End PBXVariantGroup section */

/* Begin XCBuildConfiguration section */
		3FFC37D921585AEC006D3F35 /* Debug */ = {
			isa = XCBuildConfiguration;
			buildSettings = {
				ALWAYS_SEARCH_USER_PATHS = NO;
				CLANG_ANALYZER_NONNULL = YES;
				CLANG_ANALYZER_NUMBER_OBJECT_CONVERSION = YES_AGGRESSIVE;
				CLANG_CXX_LANGUAGE_STANDARD = "gnu++14";
				CLANG_CXX_LIBRARY = "libc++";
				CLANG_ENABLE_MODULES = YES;
				CLANG_ENABLE_OBJC_ARC = YES;
				CLANG_ENABLE_OBJC_WEAK = YES;
				CLANG_WARN_BLOCK_CAPTURE_AUTORELEASING = YES;
				CLANG_WARN_BOOL_CONVERSION = YES;
				CLANG_WARN_COMMA = YES;
				CLANG_WARN_CONSTANT_CONVERSION = YES;
				CLANG_WARN_DEPRECATED_OBJC_IMPLEMENTATIONS = YES;
				CLANG_WARN_DIRECT_OBJC_ISA_USAGE = YES_ERROR;
				CLANG_WARN_DOCUMENTATION_COMMENTS = YES;
				CLANG_WARN_EMPTY_BODY = YES;
				CLANG_WARN_ENUM_CONVERSION = YES;
				CLANG_WARN_INFINITE_RECURSION = YES;
				CLANG_WARN_INT_CONVERSION = YES;
				CLANG_WARN_NON_LITERAL_NULL_CONVERSION = YES;
				CLANG_WARN_OBJC_IMPLICIT_RETAIN_SELF = YES;
				CLANG_WARN_OBJC_LITERAL_CONVERSION = YES;
				CLANG_WARN_OBJC_ROOT_CLASS = YES_ERROR;
				CLANG_WARN_RANGE_LOOP_ANALYSIS = YES;
				CLANG_WARN_STRICT_PROTOTYPES = YES;
				CLANG_WARN_SUSPICIOUS_MOVE = YES;
				CLANG_WARN_UNGUARDED_AVAILABILITY = YES_AGGRESSIVE;
				CLANG_WARN_UNREACHABLE_CODE = YES;
				CLANG_WARN__DUPLICATE_METHOD_MATCH = YES;
				CODE_SIGN_IDENTITY = "iPhone Developer";
				COPY_PHASE_STRIP = NO;
				DEBUG_INFORMATION_FORMAT = dwarf;
				ENABLE_STRICT_OBJC_MSGSEND = YES;
				ENABLE_TESTABILITY = YES;
				GCC_C_LANGUAGE_STANDARD = gnu11;
				GCC_DYNAMIC_NO_PIC = NO;
				GCC_NO_COMMON_BLOCKS = YES;
				GCC_OPTIMIZATION_LEVEL = 0;
				GCC_PREPROCESSOR_DEFINITIONS = (
					"DEBUG=1",
					"$(inherited)",
				);
				GCC_WARN_64_TO_32_BIT_CONVERSION = YES;
				GCC_WARN_ABOUT_RETURN_TYPE = YES_ERROR;
				GCC_WARN_UNDECLARED_SELECTOR = YES;
				GCC_WARN_UNINITIALIZED_AUTOS = YES_AGGRESSIVE;
				GCC_WARN_UNUSED_FUNCTION = YES;
				GCC_WARN_UNUSED_VARIABLE = YES;
				IPHONEOS_DEPLOYMENT_TARGET = 11.4;
				MTL_ENABLE_DEBUG_INFO = YES;
				ONLY_ACTIVE_ARCH = YES;
				SDKROOT = iphoneos;
				SWIFT_ACTIVE_COMPILATION_CONDITIONS = DEBUG;
				SWIFT_OPTIMIZATION_LEVEL = "-Onone";
			};
			name = Debug;
		};
		3FFC37DA21585AEC006D3F35 /* Release */ = {
			isa = XCBuildConfiguration;
			buildSettings = {
				ALWAYS_SEARCH_USER_PATHS = NO;
				CLANG_ANALYZER_NONNULL = YES;
				CLANG_ANALYZER_NUMBER_OBJECT_CONVERSION = YES_AGGRESSIVE;
				CLANG_CXX_LANGUAGE_STANDARD = "gnu++14";
				CLANG_CXX_LIBRARY = "libc++";
				CLANG_ENABLE_MODULES = YES;
				CLANG_ENABLE_OBJC_ARC = YES;
				CLANG_ENABLE_OBJC_WEAK = YES;
				CLANG_WARN_BLOCK_CAPTURE_AUTORELEASING = YES;
				CLANG_WARN_BOOL_CONVERSION = YES;
				CLANG_WARN_COMMA = YES;
				CLANG_WARN_CONSTANT_CONVERSION = YES;
				CLANG_WARN_DEPRECATED_OBJC_IMPLEMENTATIONS = YES;
				CLANG_WARN_DIRECT_OBJC_ISA_USAGE = YES_ERROR;
				CLANG_WARN_DOCUMENTATION_COMMENTS = YES;
				CLANG_WARN_EMPTY_BODY = YES;
				CLANG_WARN_ENUM_CONVERSION = YES;
				CLANG_WARN_INFINITE_RECURSION = YES;
				CLANG_WARN_INT_CONVERSION = YES;
				CLANG_WARN_NON_LITERAL_NULL_CONVERSION = YES;
				CLANG_WARN_OBJC_IMPLICIT_RETAIN_SELF = YES;
				CLANG_WARN_OBJC_LITERAL_CONVERSION = YES;
				CLANG_WARN_OBJC_ROOT_CLASS = YES_ERROR;
				CLANG_WARN_RANGE_LOOP_ANALYSIS = YES;
				CLANG_WARN_STRICT_PROTOTYPES = YES;
				CLANG_WARN_SUSPICIOUS_MOVE = YES;
				CLANG_WARN_UNGUARDED_AVAILABILITY = YES_AGGRESSIVE;
				CLANG_WARN_UNREACHABLE_CODE = YES;
				CLANG_WARN__DUPLICATE_METHOD_MATCH = YES;
				CODE_SIGN_IDENTITY = "iPhone Developer";
				COPY_PHASE_STRIP = NO;
				DEBUG_INFORMATION_FORMAT = "dwarf-with-dsym";
				ENABLE_NS_ASSERTIONS = NO;
				ENABLE_STRICT_OBJC_MSGSEND = YES;
				GCC_C_LANGUAGE_STANDARD = gnu11;
				GCC_NO_COMMON_BLOCKS = YES;
				GCC_WARN_64_TO_32_BIT_CONVERSION = YES;
				GCC_WARN_ABOUT_RETURN_TYPE = YES_ERROR;
				GCC_WARN_UNDECLARED_SELECTOR = YES;
				GCC_WARN_UNINITIALIZED_AUTOS = YES_AGGRESSIVE;
				GCC_WARN_UNUSED_FUNCTION = YES;
				GCC_WARN_UNUSED_VARIABLE = YES;
				IPHONEOS_DEPLOYMENT_TARGET = 11.4;
				MTL_ENABLE_DEBUG_INFO = NO;
				SDKROOT = iphoneos;
				SWIFT_COMPILATION_MODE = wholemodule;
				SWIFT_OPTIMIZATION_LEVEL = "-O";
				VALIDATE_PRODUCT = YES;
			};
			name = Release;
		};
		3FFC37DC21585AEC006D3F35 /* Debug */ = {
			isa = XCBuildConfiguration;
			buildSettings = {
				ASSETCATALOG_COMPILER_APPICON_NAME = AppIcon;
				CODE_SIGN_STYLE = Automatic;
				INFOPLIST_FILE = ParseChat/Info.plist;
				LD_RUNPATH_SEARCH_PATHS = (
					"$(inherited)",
					"@executable_path/Frameworks",
				);
				PRODUCT_BUNDLE_IDENTIFIER = hu.ParseChat;
				PRODUCT_NAME = "$(TARGET_NAME)";
				SWIFT_VERSION = 4.0;
				TARGETED_DEVICE_FAMILY = "1,2";
			};
			name = Debug;
		};
		3FFC37DD21585AEC006D3F35 /* Release */ = {
			isa = XCBuildConfiguration;
			buildSettings = {
				ASSETCATALOG_COMPILER_APPICON_NAME = AppIcon;
				CODE_SIGN_STYLE = Automatic;
				INFOPLIST_FILE = ParseChat/Info.plist;
				LD_RUNPATH_SEARCH_PATHS = (
					"$(inherited)",
					"@executable_path/Frameworks",
				);
				PRODUCT_BUNDLE_IDENTIFIER = hu.ParseChat;
				PRODUCT_NAME = "$(TARGET_NAME)";
				SWIFT_VERSION = 4.0;
				TARGETED_DEVICE_FAMILY = "1,2";
			};
			name = Release;
		};
		3FFC37DF21585AEC006D3F35 /* Debug */ = {
			isa = XCBuildConfiguration;
			buildSettings = {
				ALWAYS_EMBED_SWIFT_STANDARD_LIBRARIES = YES;
				BUNDLE_LOADER = "$(TEST_HOST)";
				CODE_SIGN_STYLE = Automatic;
				INFOPLIST_FILE = ParseChatTests/Info.plist;
				LD_RUNPATH_SEARCH_PATHS = (
					"$(inherited)",
					"@executable_path/Frameworks",
					"@loader_path/Frameworks",
				);
				PRODUCT_BUNDLE_IDENTIFIER = hu.ParseChatTests;
				PRODUCT_NAME = "$(TARGET_NAME)";
				SWIFT_VERSION = 4.0;
				TARGETED_DEVICE_FAMILY = "1,2";
				TEST_HOST = "$(BUILT_PRODUCTS_DIR)/ParseChat.app/ParseChat";
			};
			name = Debug;
		};
		3FFC37E021585AEC006D3F35 /* Release */ = {
			isa = XCBuildConfiguration;
			buildSettings = {
				ALWAYS_EMBED_SWIFT_STANDARD_LIBRARIES = YES;
				BUNDLE_LOADER = "$(TEST_HOST)";
				CODE_SIGN_STYLE = Automatic;
				INFOPLIST_FILE = ParseChatTests/Info.plist;
				LD_RUNPATH_SEARCH_PATHS = (
					"$(inherited)",
					"@executable_path/Frameworks",
					"@loader_path/Frameworks",
				);
				PRODUCT_BUNDLE_IDENTIFIER = hu.ParseChatTests;
				PRODUCT_NAME = "$(TARGET_NAME)";
				SWIFT_VERSION = 4.0;
				TARGETED_DEVICE_FAMILY = "1,2";
				TEST_HOST = "$(BUILT_PRODUCTS_DIR)/ParseChat.app/ParseChat";
			};
			name = Release;
		};
		3FFC37E221585AEC006D3F35 /* Debug */ = {
			isa = XCBuildConfiguration;
			buildSettings = {
				ALWAYS_EMBED_SWIFT_STANDARD_LIBRARIES = YES;
				CODE_SIGN_STYLE = Automatic;
				INFOPLIST_FILE = ParseChatUITests/Info.plist;
				LD_RUNPATH_SEARCH_PATHS = (
					"$(inherited)",
					"@executable_path/Frameworks",
					"@loader_path/Frameworks",
				);
				PRODUCT_BUNDLE_IDENTIFIER = hu.ParseChatUITests;
				PRODUCT_NAME = "$(TARGET_NAME)";
				SWIFT_VERSION = 4.0;
				TARGETED_DEVICE_FAMILY = "1,2";
				TEST_TARGET_NAME = ParseChat;
			};
			name = Debug;
		};
		3FFC37E321585AEC006D3F35 /* Release */ = {
			isa = XCBuildConfiguration;
			buildSettings = {
				ALWAYS_EMBED_SWIFT_STANDARD_LIBRARIES = YES;
				CODE_SIGN_STYLE = Automatic;
				INFOPLIST_FILE = ParseChatUITests/Info.plist;
				LD_RUNPATH_SEARCH_PATHS = (
					"$(inherited)",
					"@executable_path/Frameworks",
					"@loader_path/Frameworks",
				);
				PRODUCT_BUNDLE_IDENTIFIER = hu.ParseChatUITests;
				PRODUCT_NAME = "$(TARGET_NAME)";
				SWIFT_VERSION = 4.0;
				TARGETED_DEVICE_FAMILY = "1,2";
				TEST_TARGET_NAME = ParseChat;
			};
			name = Release;
		};
/* End XCBuildConfiguration section */

/* Begin XCConfigurationList section */
		3FFC37AE21585AE1006D3F35 /* Build configuration list for PBXProject "ParseChat" */ = {
			isa = XCConfigurationList;
			buildConfigurations = (
				3FFC37D921585AEC006D3F35 /* Debug */,
				3FFC37DA21585AEC006D3F35 /* Release */,
			);
			defaultConfigurationIsVisible = 0;
			defaultConfigurationName = Release;
		};
		3FFC37DB21585AEC006D3F35 /* Build configuration list for PBXNativeTarget "ParseChat" */ = {
			isa = XCConfigurationList;
			buildConfigurations = (
				3FFC37DC21585AEC006D3F35 /* Debug */,
				3FFC37DD21585AEC006D3F35 /* Release */,
			);
			defaultConfigurationIsVisible = 0;
			defaultConfigurationName = Release;
		};
		3FFC37DE21585AEC006D3F35 /* Build configuration list for PBXNativeTarget "ParseChatTests" */ = {
			isa = XCConfigurationList;
			buildConfigurations = (
				3FFC37DF21585AEC006D3F35 /* Debug */,
				3FFC37E021585AEC006D3F35 /* Release */,
			);
			defaultConfigurationIsVisible = 0;
			defaultConfigurationName = Release;
		};
		3FFC37E121585AEC006D3F35 /* Build configuration list for PBXNativeTarget "ParseChatUITests" */ = {
			isa = XCConfigurationList;
			buildConfigurations = (
				3FFC37E221585AEC006D3F35 /* Debug */,
				3FFC37E321585AEC006D3F35 /* Release */,
			);
			defaultConfigurationIsVisible = 0;
			defaultConfigurationName = Release;
		};
/* End XCConfigurationList section */
	};
	rootObject = 3FFC37AB21585AE1006D3F35 /* Project object */;
}
